
Microsoft Visual Studio Solution File, Format Version 12.00
# Visual Studio Version 16
VisualStudioVersion = 16.0.30320.27
MinimumVisualStudioVersion = 10.0.40219.1
Project("{8BC9CEB8-8B4A-11D0-8D11-00A0C91BC942}") = "knottttttt2", "knottttttt2\knottttttt2.vcxproj", "{614B4F82-62D7-4CC9-8C1C-C5FE84F6709E}"
EndProject
Global
	GlobalSection(SolutionConfigurationPlatforms) = preSolution
		Debug|x64 = Debug|x64
		Debug|x86 = Debug|x86
		Release|x64 = Release|x64
		Release|x86 = Release|x86
	EndGlobalSection
	GlobalSection(ProjectConfigurationPlatforms) = postSolution
		{614B4F82-62D7-4CC9-8C1C-C5FE84F6709E}.Debug|x64.ActiveCfg = Debug|x64
		{614B4F82-62D7-4CC9-8C1C-C5FE84F6709E}.Debug|x64.Build.0 = Debug|x64
		{614B4F82-62D7-4CC9-8C1C-C5FE84F6709E}.Debug|x86.ActiveCfg = Debug|Win32
		{614B4F82-62D7-4CC9-8C1C-C5FE84F6709E}.Debug|x86.Build.0 = Debug|Win32
		{614B4F82-62D7-4CC9-8C1C-C5FE84F6709E}.Release|x64.ActiveCfg = Release|x64
		{614B4F82-62D7-4CC9-8C1C-C5FE84F6709E}.Release|x64.Build.0 = Release|x64
		{614B4F82-62D7-4CC9-8C1C-C5FE84F6709E}.Release|x86.ActiveCfg = Release|Win32
		{614B4F82-62D7-4CC9-8C1C-C5FE84F6709E}.Release|x86.Build.0 = Release|Win32
	EndGlobalSection
	GlobalSection(SolutionProperties) = preSolution
		HideSolutionNode = FALSE
	EndGlobalSection
	GlobalSection(ExtensibilityGlobals) = postSolution
		SolutionGuid = {87F57E5B-E7BB-49F4-9163-1DDD432E256A}
	EndGlobalSection
EndGlobal
